// !$*UTF8*$!
{
	archiveVersion = 1;
	classes = {
	};
	objectVersion = 48;
	objects = {

/* Begin PBXBuildFile section */
		E54789E72050406B00C86563 /* AppDelegate.swift in Sources */ = {isa = PBXBuildFile; fileRef = E54789E62050406B00C86563 /* AppDelegate.swift */; };
		E54789EC2050406B00C86563 /* Main.storyboard in Resources */ = {isa = PBXBuildFile; fileRef = E54789EA2050406B00C86563 /* Main.storyboard */; };
		E54789EE2050406B00C86563 /* Assets.xcassets in Resources */ = {isa = PBXBuildFile; fileRef = E54789ED2050406B00C86563 /* Assets.xcassets */; };
		E54789F12050406B00C86563 /* LaunchScreen.storyboard in Resources */ = {isa = PBXBuildFile; fileRef = E54789EF2050406B00C86563 /* LaunchScreen.storyboard */; };
		E54789FE2050478E00C86563 /* MianViewController.swift in Sources */ = {isa = PBXBuildFile; fileRef = E54789FD2050478E00C86563 /* MianViewController.swift */; };
		E5478A0020504AA700C86563 /* TheBasicsViewController.swift in Sources */ = {isa = PBXBuildFile; fileRef = E54789FF20504AA700C86563 /* TheBasicsViewController.swift */; };
/* End PBXBuildFile section */

/* Begin PBXFileReference section */
		E54789E32050406B00C86563 /* SwiftCourse.app */ = {isa = PBXFileReference; explicitFileType = wrapper.application; includeInIndex = 0; path = SwiftCourse.app; sourceTree = BUILT_PRODUCTS_DIR; };
		E54789E62050406B00C86563 /* AppDelegate.swift */ = {isa = PBXFileReference; lastKnownFileType = sourcecode.swift; path = AppDelegate.swift; sourceTree = "<group>"; };
		E54789EB2050406B00C86563 /* Base */ = {isa = PBXFileReference; lastKnownFileType = file.storyboard; name = Base; path = Base.lproj/Main.storyboard; sourceTree = "<group>"; };
		E54789ED2050406B00C86563 /* Assets.xcassets */ = {isa = PBXFileReference; lastKnownFileType = folder.assetcatalog; path = Assets.xcassets; sourceTree = "<group>"; };
		E54789F02050406B00C86563 /* Base */ = {isa = PBXFileReference; lastKnownFileType = file.storyboard; name = Base; path = Base.lproj/LaunchScreen.storyboard; sourceTree = "<group>"; };
		E54789F22050406B00C86563 /* Info.plist */ = {isa = PBXFileReference; lastKnownFileType = text.plist.xml; path = Info.plist; sourceTree = "<group>"; };
		E54789FD2050478E00C86563 /* MianViewController.swift */ = {isa = PBXFileReference; lastKnownFileType = sourcecode.swift; path = MianViewController.swift; sourceTree = "<group>"; };
		E54789FF20504AA700C86563 /* TheBasicsViewController.swift */ = {isa = PBXFileReference; lastKnownFileType = sourcecode.swift; path = TheBasicsViewController.swift; sourceTree = "<group>"; };
/* End PBXFileReference section */

/* Begin PBXFrameworksBuildPhase section */
		E54789E02050406B00C86563 /* Frameworks */ = {
			isa = PBXFrameworksBuildPhase;
			buildActionMask = 2147483647;
			files = (
			);
			runOnlyForDeploymentPostprocessing = 0;
		};
/* End PBXFrameworksBuildPhase section */

/* Begin PBXGroup section */
		E54789DA2050406B00C86563 = {
			isa = PBXGroup;
			children = (
				E54789E52050406B00C86563 /* SwiftCourse */,
				E54789E42050406B00C86563 /* Products */,
			);
			sourceTree = "<group>";
		};
		E54789E42050406B00C86563 /* Products */ = {
			isa = PBXGroup;
			children = (
				E54789E32050406B00C86563 /* SwiftCourse.app */,
			);
			name = Products;
			sourceTree = "<group>";
		};
		E54789E52050406B00C86563 /* SwiftCourse */ = {
			isa = PBXGroup;
			children = (
				E54789E62050406B00C86563 /* AppDelegate.swift */,
				E54789EA2050406B00C86563 /* Main.storyboard */,
				E54789FD2050478E00C86563 /* MianViewController.swift */,
				E54789F82050420100C86563 /* The Basics */,
				E54789ED2050406B00C86563 /* Assets.xcassets */,
				E54789EF2050406B00C86563 /* LaunchScreen.storyboard */,
				E54789F22050406B00C86563 /* Info.plist */,
			);
			path = SwiftCourse;
			sourceTree = "<group>";
		};
		E54789F82050420100C86563 /* The Basics */ = {
			isa = PBXGroup;
			children = (
				E54789FF20504AA700C86563 /* TheBasicsViewController.swift */,
			);
			path = "The Basics";
			sourceTree = "<group>";
		};
/* End PBXGroup section */

/* Begin PBXNativeTarget section */
		E54789E22050406B00C86563 /* SwiftCourse */ = {
			isa = PBXNativeTarget;
			buildConfigurationList = E54789F52050406B00C86563 /* Build configuration list for PBXNativeTarget "SwiftCourse" */;
			buildPhases = (
				E54789DF2050406B00C86563 /* Sources */,
				E54789E02050406B00C86563 /* Frameworks */,
				E54789E12050406B00C86563 /* Resources */,
			);
			buildRules = (
			);
			dependencies = (
			);
			name = SwiftCourse;
			productName = SwiftCourse;
			productReference = E54789E32050406B00C86563 /* SwiftCourse.app */;
			productType = "com.apple.product-type.application";
		};
/* End PBXNativeTarget section */

/* Begin PBXProject section */
		E54789DB2050406B00C86563 /* Project object */ = {
			isa = PBXProject;
			attributes = {
				LastSwiftUpdateCheck = 0920;
				LastUpgradeCheck = 0920;
				ORGANIZATIONNAME = SwiftCourse;
				TargetAttributes = {
					E54789E22050406B00C86563 = {
						CreatedOnToolsVersion = 9.2;
						ProvisioningStyle = Manual;
					};
				};
			};
			buildConfigurationList = E54789DE2050406B00C86563 /* Build configuration list for PBXProject "SwiftCourse" */;
			compatibilityVersion = "Xcode 8.0";
			developmentRegion = en;
			hasScannedForEncodings = 0;
			knownRegions = (
				en,
				Base,
			);
			mainGroup = E54789DA2050406B00C86563;
			productRefGroup = E54789E42050406B00C86563 /* Products */;
			projectDirPath = "";
			projectRoot = "";
			targets = (
				E54789E22050406B00C86563 /* SwiftCourse */,
			);
		};
/* End PBXProject section */

/* Begin PBXResourcesBuildPhase section */
		E54789E12050406B00C86563 /* Resources */ = {
			isa = PBXResourcesBuildPhase;
			buildActionMask = 2147483647;
			files = (
				E54789F12050406B00C86563 /* LaunchScreen.storyboard in Resources */,
				E54789EE2050406B00C86563 /* Assets.xcassets in Resources */,
				E54789EC2050406B00C86563 /* Main.storyboard in Resources */,
			);
			runOnlyForDeploymentPostprocessing = 0;
		};
/* End PBXResourcesBuildPhase section */

/* Begin PBXSourcesBuildPhase section */
		E54789DF2050406B00C86563 /* Sources */ = {
			isa = PBXSourcesBuildPhase;
			buildActionMask = 2147483647;
			files = (
				E54789E72050406B00C86563 /* AppDelegate.swift in Sources */,
				E54789FE2050478E00C86563 /* MianViewController.swift in Sources */,
				E5478A0020504AA700C86563 /* TheBasicsViewController.swift in Sources */,
			);
			runOnlyForDeploymentPostprocessing = 0;
		};
/* End PBXSourcesBuildPhase section */

/* Begin PBXVariantGroup section */
		E54789EA2050406B00C86563 /* Main.storyboard */ = {
			isa = PBXVariantGroup;
			children = (
				E54789EB2050406B00C86563 /* Base */,
			);
			name = Main.storyboard;
			sourceTree = "<group>";
		};
		E54789EF2050406B00C86563 /* LaunchScreen.storyboard */ = {
			isa = PBXVariantGroup;
			children = (
				E54789F02050406B00C86563 /* Base */,
			);
			name = LaunchScreen.storyboard;
			sourceTree = "<group>";
		};
/* End PBXVariantGroup section */

/* Begin XCBuildConfiguration section */
		E54789F32050406B00C86563 /* Debug */ = {
			isa = XCBuildConfiguration;
			buildSettings = {
				ALWAYS_SEARCH_USER_PATHS = NO;
				CLANG_ANALYZER_NONNULL = YES;
				CLANG_ANALYZER_NUMBER_OBJECT_CONVERSION = YES_AGGRESSIVE;
				CLANG_CXX_LANGUAGE_STANDARD = "gnu++14";
				CLANG_CXX_LIBRARY = "libc++";
				CLANG_ENABLE_MODULES = YES;
				CLANG_ENABLE_OBJC_ARC = YES;
				CLANG_WARN_BLOCK_CAPTURE_AUTORELEASING = YES;
				CLANG_WARN_BOOL_CONVERSION = YES;
				CLANG_WARN_COMMA = YES;
				CLANG_WARN_CONSTANT_CONVERSION = YES;
				CLANG_WARN_DIRECT_OBJC_ISA_USAGE = YES_ERROR;
				CLANG_WARN_DOCUMENTATION_COMMENTS = YES;
				CLANG_WARN_EMPTY_BODY = YES;
				CLANG_WARN_ENUM_CONVERSION = YES;
				CLANG_WARN_INFINITE_RECURSION = YES;
				CLANG_WARN_INT_CONVERSION = YES;
				CLANG_WARN_NON_LITERAL_NULL_CONVERSION = YES;
				CLANG_WARN_OBJC_LITERAL_CONVERSION = YES;
				CLANG_WARN_OBJC_ROOT_CLASS = YES_ERROR;
				CLANG_WARN_RANGE_LOOP_ANALYSIS = YES;
				CLANG_WARN_STRICT_PROTOTYPES = YES;
				CLANG_WARN_SUSPICIOUS_MOVE = YES;
				CLANG_WARN_UNGUARDED_AVAILABILITY = YES_AGGRESSIVE;
				CLANG_WARN_UNREACHABLE_CODE = YES;
				CLANG_WARN__DUPLICATE_METHOD_MATCH = YES;
				CODE_SIGN_IDENTITY = "iPhone Developer";
				COPY_PHASE_STRIP = NO;
				DEBUG_INFORMATION_FORMAT = dwarf;
				ENABLE_STRICT_OBJC_MSGSEND = YES;
				ENABLE_TESTABILITY = YES;
				GCC_C_LANGUAGE_STANDARD = gnu11;
				GCC_DYNAMIC_NO_PIC = NO;
				GCC_NO_COMMON_BLOCKS = YES;
				GCC_OPTIMIZATION_LEVEL = 0;
				GCC_PREPROCESSOR_DEFINITIONS = (
					"DEBUG=1",
					"$(inherited)",
				);
				GCC_WARN_64_TO_32_BIT_CONVERSION = YES;
				GCC_WARN_ABOUT_RETURN_TYPE = YES_ERROR;
				GCC_WARN_UNDECLARED_SELECTOR = YES;
				GCC_WARN_UNINITIALIZED_AUTOS = YES_AGGRESSIVE;
				GCC_WARN_UNUSED_FUNCTION = YES;
				GCC_WARN_UNUSED_VARIABLE = YES;
				IPHONEOS_DEPLOYMENT_TARGET = 11.2;
				MTL_ENABLE_DEBUG_INFO = YES;
				ONLY_ACTIVE_ARCH = YES;
				SDKROOT = iphoneos;
				SWIFT_ACTIVE_COMPILATION_CONDITIONS = DEBUG;
				SWIFT_OPTIMIZATION_LEVEL = "-Onone";
			};
			name = Debug;
		};
		E54789F42050406B00C86563 /* Release */ = {
			isa = XCBuildConfiguration;
			buildSettings = {
				ALWAYS_SEARCH_USER_PATHS = NO;
				CLANG_ANALYZER_NONNULL = YES;
				CLANG_ANALYZER_NUMBER_OBJECT_CONVERSION = YES_AGGRESSIVE;
				CLANG_CXX_LANGUAGE_STANDARD = "gnu++14";
				CLANG_CXX_LIBRARY = "libc++";
				CLANG_ENABLE_MODULES = YES;
				CLANG_ENABLE_OBJC_ARC = YES;
				CLANG_WARN_BLOCK_CAPTURE_AUTORELEASING = YES;
				CLANG_WARN_BOOL_CONVERSION = YES;
				CLANG_WARN_COMMA = YES;
				CLANG_WARN_CONSTANT_CONVERSION = YES;
				CLANG_WARN_DIRECT_OBJC_ISA_USAGE = YES_ERROR;
				CLANG_WARN_DOCUMENTATION_COMMENTS = YES;
				CLANG_WARN_EMPTY_BODY = YES;
				CLANG_WARN_ENUM_CONVERSION = YES;
				CLANG_WARN_INFINITE_RECURSION = YES;
				CLANG_WARN_INT_CONVERSION = YES;
				CLANG_WARN_NON_LITERAL_NULL_CONVERSION = YES;
				CLANG_WARN_OBJC_LITERAL_CONVERSION = YES;
				CLANG_WARN_OBJC_ROOT_CLASS = YES_ERROR;
				CLANG_WARN_RANGE_LOOP_ANALYSIS = YES;
				CLANG_WARN_STRICT_PROTOTYPES = YES;
				CLANG_WARN_SUSPICIOUS_MOVE = YES;
				CLANG_WARN_UNGUARDED_AVAILABILITY = YES_AGGRESSIVE;
				CLANG_WARN_UNREACHABLE_CODE = YES;
				CLANG_WARN__DUPLICATE_METHOD_MATCH = YES;
				CODE_SIGN_IDENTITY = "iPhone Developer";
				COPY_PHASE_STRIP = NO;
				DEBUG_INFORMATION_FORMAT = "dwarf-with-dsym";
				ENABLE_NS_ASSERTIONS = NO;
				ENABLE_STRICT_OBJC_MSGSEND = YES;
				GCC_C_LANGUAGE_STANDARD = gnu11;
				GCC_NO_COMMON_BLOCKS = YES;
				GCC_WARN_64_TO_32_BIT_CONVERSION = YES;
				GCC_WARN_ABOUT_RETURN_TYPE = YES_ERROR;
				GCC_WARN_UNDECLARED_SELECTOR = YES;
				GCC_WARN_UNINITIALIZED_AUTOS = YES_AGGRESSIVE;
				GCC_WARN_UNUSED_FUNCTION = YES;
				GCC_WARN_UNUSED_VARIABLE = YES;
				IPHONEOS_DEPLOYMENT_TARGET = 11.2;
				MTL_ENABLE_DEBUG_INFO = NO;
				SDKROOT = iphoneos;
				SWIFT_OPTIMIZATION_LEVEL = "-Owholemodule";
				VALIDATE_PRODUCT = YES;
			};
			name = Release;
		};
		E54789F62050406B00C86563 /* Debug */ = {
			isa = XCBuildConfiguration;
			buildSettings = {
				ASSETCATALOG_COMPILER_APPICON_NAME = AppIcon;
				CODE_SIGN_STYLE = Manual;
				DEVELOPMENT_TEAM = "";
				INFOPLIST_FILE = SwiftCourse/Info.plist;
				LD_RUNPATH_SEARCH_PATHS = "$(inherited) @executable_path/Frameworks";
				PRODUCT_BUNDLE_IDENTIFIER = com.best.SwiftCourse;
				PRODUCT_NAME = "$(TARGET_NAME)";
				PROVISIONING_PROFILE_SPECIFIER = "";
				SWIFT_VERSION = 4.0;
				TARGETED_DEVICE_FAMILY = "1,2";
			};
			name = Debug;
		};
		E54789F72050406B00C86563 /* Release */ = {
			isa = XCBuildConfiguration;
			buildSettings = {
				ASSETCATALOG_COMPILER_APPICON_NAME = AppIcon;
				CODE_SIGN_STYLE = Manual;
				DEVELOPMENT_TEAM = "";
				INFOPLIST_FILE = SwiftCourse/Info.plist;
				LD_RUNPATH_SEARCH_PATHS = "$(inherited) @executable_path/Frameworks";
				PRODUCT_BUNDLE_IDENTIFIER = com.best.SwiftCourse;
				PRODUCT_NAME = "$(TARGET_NAME)";
				PROVISIONING_PROFILE_SPECIFIER = "";
				SWIFT_VERSION = 4.0;
				TARGETED_DEVICE_FAMILY = "1,2";
			};
			name = Release;
		};
/* End XCBuildConfiguration section */

/* Begin XCConfigurationList section */
		E54789DE2050406B00C86563 /* Build configuration list for PBXProject "SwiftCourse" */ = {
			isa = XCConfigurationList;
			buildConfigurations = (
				E54789F32050406B00C86563 /* Debug */,
				E54789F42050406B00C86563 /* Release */,
			);
			defaultConfigurationIsVisible = 0;
			defaultConfigurationName = Release;
		};
		E54789F52050406B00C86563 /* Build configuration list for PBXNativeTarget "SwiftCourse" */ = {
			isa = XCConfigurationList;
			buildConfigurations = (
				E54789F62050406B00C86563 /* Debug */,
				E54789F72050406B00C86563 /* Release */,
			);
			defaultConfigurationIsVisible = 0;
			defaultConfigurationName = Release;
		};
/* End XCConfigurationList section */
	};
	rootObject = E54789DB2050406B00C86563 /* Project object */;
}
